// !$*UTF8*$!
{
	archiveVersion = 1;
	classes = {
	};
	objectVersion = 46;
	objects = {

/* Begin PBXBuildFile section */
		0432381F1A6F3408006BD030 /* LoadingCell.xib in Resources */ = {isa = PBXBuildFile; fileRef = 0432381E1A6F3407006BD030 /* LoadingCell.xib */; };
		04423DA11A72070300046138 /* UIImage+Resize.swift in Sources */ = {isa = PBXBuildFile; fileRef = 04423DA01A72070300046138 /* UIImage+Resize.swift */; };
		04423DA31A720DD700046138 /* Search.swift in Sources */ = {isa = PBXBuildFile; fileRef = 04423DA21A720DD700046138 /* Search.swift */; };
		044278171A77537000CFDA44 /* TipInCellAnimator.swift in Sources */ = {isa = PBXBuildFile; fileRef = 044278161A77537000CFDA44 /* TipInCellAnimator.swift */; };
		048196F71A709C4100F76A9F /* BounceAnimationController.swift in Sources */ = {isa = PBXBuildFile; fileRef = 048196F61A709C4100F76A9F /* BounceAnimationController.swift */; };
		048196F91A70A47700F76A9F /* SlideOutAnimationController.swift in Sources */ = {isa = PBXBuildFile; fileRef = 048196F81A70A47700F76A9F /* SlideOutAnimationController.swift */; };
		0481972D1A71025D00F76A9F /* LandscapeViewController.swift in Sources */ = {isa = PBXBuildFile; fileRef = 0481972C1A71025D00F76A9F /* LandscapeViewController.swift */; };
		04C786811A6DE60F00E03A2A /* AppDelegate.swift in Sources */ = {isa = PBXBuildFile; fileRef = 04C786801A6DE60F00E03A2A /* AppDelegate.swift */; };
		04C786861A6DE60F00E03A2A /* Main.storyboard in Resources */ = {isa = PBXBuildFile; fileRef = 04C786841A6DE60F00E03A2A /* Main.storyboard */; };
		04C786881A6DE60F00E03A2A /* Images.xcassets in Resources */ = {isa = PBXBuildFile; fileRef = 04C786871A6DE60F00E03A2A /* Images.xcassets */; };
		04C786971A6DE60F00E03A2A /* StoreSearchTests.swift in Sources */ = {isa = PBXBuildFile; fileRef = 04C786961A6DE60F00E03A2A /* StoreSearchTests.swift */; };
		04C786B01A6DEBEC00E03A2A /* SearchViewController.swift in Sources */ = {isa = PBXBuildFile; fileRef = 04C786AF1A6DEBEC00E03A2A /* SearchViewController.swift */; };
		04C786B21A6E024500E03A2A /* SearchResult.swift in Sources */ = {isa = PBXBuildFile; fileRef = 04C786B11A6E024500E03A2A /* SearchResult.swift */; };
		04C786B41A6E097500E03A2A /* SearchResultCell.xib in Resources */ = {isa = PBXBuildFile; fileRef = 04C786B31A6E097500E03A2A /* SearchResultCell.xib */; };
		04C786B61A6E0ED800E03A2A /* SearchResultCell.swift in Sources */ = {isa = PBXBuildFile; fileRef = 04C786B51A6E0ED800E03A2A /* SearchResultCell.swift */; };
		04CBED231A75F1B800E500CF /* NothingFoundCell.xib in Resources */ = {isa = PBXBuildFile; fileRef = 04CBED251A75F1B800E500CF /* NothingFoundCell.xib */; };
		04E374F01A6F7CCC0082E3AF /* UIImageView+DownloadImage.swift in Sources */ = {isa = PBXBuildFile; fileRef = 04E374EF1A6F7CCC0082E3AF /* UIImageView+DownloadImage.swift */; };
		04E374F21A6F86A10082E3AF /* DetailViewController.swift in Sources */ = {isa = PBXBuildFile; fileRef = 04E374F11A6F86A10082E3AF /* DetailViewController.swift */; };
		04E374F41A6F8D150082E3AF /* DimmingPresentationController.swift in Sources */ = {isa = PBXBuildFile; fileRef = 04E374F31A6F8D150082E3AF /* DimmingPresentationController.swift */; };
		04E374F61A6FD9590082E3AF /* GradientView.swift in Sources */ = {isa = PBXBuildFile; fileRef = 04E374F51A6FD9590082E3AF /* GradientView.swift */; };
		04E3F9E01A714DF500A75227 /* FadeOutAnimationController.swift in Sources */ = {isa = PBXBuildFile; fileRef = 04E3F9DF1A714DF500A75227 /* FadeOutAnimationController.swift */; };
/* End PBXBuildFile section */

/* Begin PBXContainerItemProxy section */
		04C786911A6DE60F00E03A2A /* PBXContainerItemProxy */ = {
			isa = PBXContainerItemProxy;
			containerPortal = 04C786731A6DE60F00E03A2A /* Project object */;
			proxyType = 1;
			remoteGlobalIDString = 04C7867A1A6DE60F00E03A2A;
			remoteInfo = StoreSearch;
		};
/* End PBXContainerItemProxy section */

/* Begin PBXFileReference section */
		0432381E1A6F3407006BD030 /* LoadingCell.xib */ = {isa = PBXFileReference; fileEncoding = 4; lastKnownFileType = file.xib; path = LoadingCell.xib; sourceTree = "<group>"; };
		04423DA01A72070300046138 /* UIImage+Resize.swift */ = {isa = PBXFileReference; fileEncoding = 4; lastKnownFileType = sourcecode.swift; path = "UIImage+Resize.swift"; sourceTree = "<group>"; };
		04423DA21A720DD700046138 /* Search.swift */ = {isa = PBXFileReference; fileEncoding = 4; lastKnownFileType = sourcecode.swift; path = Search.swift; sourceTree = "<group>"; };
		044278161A77537000CFDA44 /* TipInCellAnimator.swift */ = {isa = PBXFileReference; fileEncoding = 4; lastKnownFileType = sourcecode.swift; path = TipInCellAnimator.swift; sourceTree = "<group>"; };
		048196F61A709C4100F76A9F /* BounceAnimationController.swift */ = {isa = PBXFileReference; fileEncoding = 4; lastKnownFileType = sourcecode.swift; path = BounceAnimationController.swift; sourceTree = "<group>"; };
		048196F81A70A47700F76A9F /* SlideOutAnimationController.swift */ = {isa = PBXFileReference; fileEncoding = 4; lastKnownFileType = sourcecode.swift; path = SlideOutAnimationController.swift; sourceTree = "<group>"; };
		0481972C1A71025D00F76A9F /* LandscapeViewController.swift */ = {isa = PBXFileReference; fileEncoding = 4; lastKnownFileType = sourcecode.swift; path = LandscapeViewController.swift; sourceTree = "<group>"; };
		04C7867B1A6DE60F00E03A2A /* StoreSearch.app */ = {isa = PBXFileReference; explicitFileType = wrapper.application; includeInIndex = 0; path = StoreSearch.app; sourceTree = BUILT_PRODUCTS_DIR; };
		04C7867F1A6DE60F00E03A2A /* Info.plist */ = {isa = PBXFileReference; lastKnownFileType = text.plist.xml; path = Info.plist; sourceTree = "<group>"; };
		04C786801A6DE60F00E03A2A /* AppDelegate.swift */ = {isa = PBXFileReference; lastKnownFileType = sourcecode.swift; path = AppDelegate.swift; sourceTree = "<group>"; };
		04C786851A6DE60F00E03A2A /* Base */ = {isa = PBXFileReference; lastKnownFileType = file.storyboard; name = Base; path = Base.lproj/Main.storyboard; sourceTree = "<group>"; };
		04C786871A6DE60F00E03A2A /* Images.xcassets */ = {isa = PBXFileReference; lastKnownFileType = folder.assetcatalog; path = Images.xcassets; sourceTree = "<group>"; };
		04C786901A6DE60F00E03A2A /* StoreSearchTests.xctest */ = {isa = PBXFileReference; explicitFileType = wrapper.cfbundle; includeInIndex = 0; path = StoreSearchTests.xctest; sourceTree = BUILT_PRODUCTS_DIR; };
		04C786951A6DE60F00E03A2A /* Info.plist */ = {isa = PBXFileReference; lastKnownFileType = text.plist.xml; path = Info.plist; sourceTree = "<group>"; };
		04C786961A6DE60F00E03A2A /* StoreSearchTests.swift */ = {isa = PBXFileReference; lastKnownFileType = sourcecode.swift; path = StoreSearchTests.swift; sourceTree = "<group>"; };
		04C786AF1A6DEBEC00E03A2A /* SearchViewController.swift */ = {isa = PBXFileReference; fileEncoding = 4; lastKnownFileType = sourcecode.swift; path = SearchViewController.swift; sourceTree = "<group>"; };
		04C786B11A6E024500E03A2A /* SearchResult.swift */ = {isa = PBXFileReference; fileEncoding = 4; lastKnownFileType = sourcecode.swift; path = SearchResult.swift; sourceTree = "<group>"; };
		04C786B31A6E097500E03A2A /* SearchResultCell.xib */ = {isa = PBXFileReference; fileEncoding = 4; lastKnownFileType = file.xib; path = SearchResultCell.xib; sourceTree = "<group>"; };
		04C786B51A6E0ED800E03A2A /* SearchResultCell.swift */ = {isa = PBXFileReference; fileEncoding = 4; lastKnownFileType = sourcecode.swift; path = SearchResultCell.swift; sourceTree = "<group>"; };
		04CBED241A75F1B800E500CF /* en */ = {isa = PBXFileReference; lastKnownFileType = file.xib; name = en; path = en.lproj/NothingFoundCell.xib; sourceTree = "<group>"; };
		04CBED261A75F23400E500CF /* zh-Hans */ = {isa = PBXFileReference; lastKnownFileType = file.xib; name = "zh-Hans"; path = "zh-Hans.lproj/NothingFoundCell.xib"; sourceTree = "<group>"; };
		04E374EF1A6F7CCC0082E3AF /* UIImageView+DownloadImage.swift */ = {isa = PBXFileReference; fileEncoding = 4; lastKnownFileType = sourcecode.swift; path = "UIImageView+DownloadImage.swift"; sourceTree = "<group>"; };
		04E374F11A6F86A10082E3AF /* DetailViewController.swift */ = {isa = PBXFileReference; fileEncoding = 4; lastKnownFileType = sourcecode.swift; path = DetailViewController.swift; sourceTree = "<group>"; };
		04E374F31A6F8D150082E3AF /* DimmingPresentationController.swift */ = {isa = PBXFileReference; fileEncoding = 4; lastKnownFileType = sourcecode.swift; path = DimmingPresentationController.swift; sourceTree = "<group>"; };
		04E374F51A6FD9590082E3AF /* GradientView.swift */ = {isa = PBXFileReference; fileEncoding = 4; lastKnownFileType = sourcecode.swift; path = GradientView.swift; sourceTree = "<group>"; };
		04E3F9DF1A714DF500A75227 /* FadeOutAnimationController.swift */ = {isa = PBXFileReference; fileEncoding = 4; lastKnownFileType = sourcecode.swift; path = FadeOutAnimationController.swift; sourceTree = "<group>"; };
/* End PBXFileReference section */

/* Begin PBXFrameworksBuildPhase section */
		04C786781A6DE60F00E03A2A /* Frameworks */ = {
			isa = PBXFrameworksBuildPhase;
			buildActionMask = 2147483647;
			files = (
			);
			runOnlyForDeploymentPostprocessing = 0;
		};
		04C7868D1A6DE60F00E03A2A /* Frameworks */ = {
			isa = PBXFrameworksBuildPhase;
			buildActionMask = 2147483647;
			files = (
			);
			runOnlyForDeploymentPostprocessing = 0;
		};
/* End PBXFrameworksBuildPhase section */

/* Begin PBXGroup section */
		04C786721A6DE60F00E03A2A = {
			isa = PBXGroup;
			children = (
				04C7867D1A6DE60F00E03A2A /* StoreSearch */,
				04C786931A6DE60F00E03A2A /* StoreSearchTests */,
				04C7867C1A6DE60F00E03A2A /* Products */,
			);
			sourceTree = "<group>";
		};
		04C7867C1A6DE60F00E03A2A /* Products */ = {
			isa = PBXGroup;
			children = (
				04C7867B1A6DE60F00E03A2A /* StoreSearch.app */,
				04C786901A6DE60F00E03A2A /* StoreSearchTests.xctest */,
			);
			name = Products;
			sourceTree = "<group>";
		};
		04C7867D1A6DE60F00E03A2A /* StoreSearch */ = {
			isa = PBXGroup;
			children = (
				04C786801A6DE60F00E03A2A /* AppDelegate.swift */,
				04CBED1F1A75E26400E500CF /* Model */,
				04CBED201A75E2D500E500CF /* View */,
				04CBED211A75E30E00E500CF /* Controller */,
				04CBED221A75E3B300E500CF /* Utilities */,
				04C786871A6DE60F00E03A2A /* Images.xcassets */,
				04C786841A6DE60F00E03A2A /* Main.storyboard */,
				0432381E1A6F3407006BD030 /* LoadingCell.xib */,
				04CBED251A75F1B800E500CF /* NothingFoundCell.xib */,
				04C786B31A6E097500E03A2A /* SearchResultCell.xib */,
				04C7867E1A6DE60F00E03A2A /* Supporting Files */,
			);
			path = StoreSearch;
			sourceTree = "<group>";
		};
		04C7867E1A6DE60F00E03A2A /* Supporting Files */ = {
			isa = PBXGroup;
			children = (
				04C7867F1A6DE60F00E03A2A /* Info.plist */,
			);
			name = "Supporting Files";
			sourceTree = "<group>";
		};
		04C786931A6DE60F00E03A2A /* StoreSearchTests */ = {
			isa = PBXGroup;
			children = (
				04C786961A6DE60F00E03A2A /* StoreSearchTests.swift */,
				04C786941A6DE60F00E03A2A /* Supporting Files */,
			);
			path = StoreSearchTests;
			sourceTree = "<group>";
		};
		04C786941A6DE60F00E03A2A /* Supporting Files */ = {
			isa = PBXGroup;
			children = (
				04C786951A6DE60F00E03A2A /* Info.plist */,
			);
			name = "Supporting Files";
			sourceTree = "<group>";
		};
		04CBED1F1A75E26400E500CF /* Model */ = {
			isa = PBXGroup;
			children = (
				04423DA21A720DD700046138 /* Search.swift */,
				04C786B11A6E024500E03A2A /* SearchResult.swift */,
			);
			name = Model;
			sourceTree = "<group>";
		};
		04CBED201A75E2D500E500CF /* View */ = {
			isa = PBXGroup;
			children = (
				04E374F51A6FD9590082E3AF /* GradientView.swift */,
				04C786B51A6E0ED800E03A2A /* SearchResultCell.swift */,
			);
			name = View;
			sourceTree = "<group>";
		};
		04CBED211A75E30E00E500CF /* Controller */ = {
			isa = PBXGroup;
			children = (
				04C786AF1A6DEBEC00E03A2A /* SearchViewController.swift */,
				04E374F11A6F86A10082E3AF /* DetailViewController.swift */,
				0481972C1A71025D00F76A9F /* LandscapeViewController.swift */,
				04E374F31A6F8D150082E3AF /* DimmingPresentationController.swift */,
				048196F61A709C4100F76A9F /* BounceAnimationController.swift */,
				048196F81A70A47700F76A9F /* SlideOutAnimationController.swift */,
				04E3F9DF1A714DF500A75227 /* FadeOutAnimationController.swift */,
			);
			name = Controller;
			sourceTree = "<group>";
		};
		04CBED221A75E3B300E500CF /* Utilities */ = {
			isa = PBXGroup;
			children = (
				044278161A77537000CFDA44 /* TipInCellAnimator.swift */,
				04423DA01A72070300046138 /* UIImage+Resize.swift */,
				04E374EF1A6F7CCC0082E3AF /* UIImageView+DownloadImage.swift */,
			);
			name = Utilities;
			sourceTree = "<group>";
		};
/* End PBXGroup section */

/* Begin PBXNativeTarget section */
		04C7867A1A6DE60F00E03A2A /* StoreSearch */ = {
			isa = PBXNativeTarget;
			buildConfigurationList = 04C7869A1A6DE60F00E03A2A /* Build configuration list for PBXNativeTarget "StoreSearch" */;
			buildPhases = (
				04C786771A6DE60F00E03A2A /* Sources */,
				04C786781A6DE60F00E03A2A /* Frameworks */,
				04C786791A6DE60F00E03A2A /* Resources */,
			);
			buildRules = (
			);
			dependencies = (
			);
			name = StoreSearch;
			productName = StoreSearch;
			productReference = 04C7867B1A6DE60F00E03A2A /* StoreSearch.app */;
			productType = "com.apple.product-type.application";
		};
		04C7868F1A6DE60F00E03A2A /* StoreSearchTests */ = {
			isa = PBXNativeTarget;
			buildConfigurationList = 04C7869D1A6DE60F00E03A2A /* Build configuration list for PBXNativeTarget "StoreSearchTests" */;
			buildPhases = (
				04C7868C1A6DE60F00E03A2A /* Sources */,
				04C7868D1A6DE60F00E03A2A /* Frameworks */,
				04C7868E1A6DE60F00E03A2A /* Resources */,
			);
			buildRules = (
			);
			dependencies = (
				04C786921A6DE60F00E03A2A /* PBXTargetDependency */,
			);
			name = StoreSearchTests;
			productName = StoreSearchTests;
			productReference = 04C786901A6DE60F00E03A2A /* StoreSearchTests.xctest */;
			productType = "com.apple.product-type.bundle.unit-test";
		};
/* End PBXNativeTarget section */

/* Begin PBXProject section */
		04C786731A6DE60F00E03A2A /* Project object */ = {
			isa = PBXProject;
			attributes = {
				LastUpgradeCheck = 0610;
				ORGANIZATIONNAME = mac;
				TargetAttributes = {
					04C7867A1A6DE60F00E03A2A = {
						CreatedOnToolsVersion = 6.1.1;
					};
					04C7868F1A6DE60F00E03A2A = {
						CreatedOnToolsVersion = 6.1.1;
						TestTargetID = 04C7867A1A6DE60F00E03A2A;
					};
				};
			};
			buildConfigurationList = 04C786761A6DE60F00E03A2A /* Build configuration list for PBXProject "StoreSearch" */;
			compatibilityVersion = "Xcode 3.2";
			developmentRegion = English;
			hasScannedForEncodings = 0;
			knownRegions = (
				en,
				Base,
				"zh-Hans",
			);
			mainGroup = 04C786721A6DE60F00E03A2A;
			productRefGroup = 04C7867C1A6DE60F00E03A2A /* Products */;
			projectDirPath = "";
			projectRoot = "";
			targets = (
				04C7867A1A6DE60F00E03A2A /* StoreSearch */,
				04C7868F1A6DE60F00E03A2A /* StoreSearchTests */,
			);
		};
/* End PBXProject section */

/* Begin PBXResourcesBuildPhase section */
		04C786791A6DE60F00E03A2A /* Resources */ = {
			isa = PBXResourcesBuildPhase;
			buildActionMask = 2147483647;
			files = (
				04C786861A6DE60F00E03A2A /* Main.storyboard in Resources */,
				0432381F1A6F3408006BD030 /* LoadingCell.xib in Resources */,
				04C786B41A6E097500E03A2A /* SearchResultCell.xib in Resources */,
				04CBED231A75F1B800E500CF /* NothingFoundCell.xib in Resources */,
				04C786881A6DE60F00E03A2A /* Images.xcassets in Resources */,
			);
			runOnlyForDeploymentPostprocessing = 0;
		};
		04C7868E1A6DE60F00E03A2A /* Resources */ = {
			isa = PBXResourcesBuildPhase;
			buildActionMask = 2147483647;
			files = (
			);
			runOnlyForDeploymentPostprocessing = 0;
		};
/* End PBXResourcesBuildPhase section */

/* Begin PBXSourcesBuildPhase section */
		04C786771A6DE60F00E03A2A /* Sources */ = {
			isa = PBXSourcesBuildPhase;
			buildActionMask = 2147483647;
			files = (
				04C786B01A6DEBEC00E03A2A /* SearchViewController.swift in Sources */,
				04E374F41A6F8D150082E3AF /* DimmingPresentationController.swift in Sources */,
				04E3F9E01A714DF500A75227 /* FadeOutAnimationController.swift in Sources */,
				04C786B21A6E024500E03A2A /* SearchResult.swift in Sources */,
				04C786B61A6E0ED800E03A2A /* SearchResultCell.swift in Sources */,
				04423DA11A72070300046138 /* UIImage+Resize.swift in Sources */,
				048196F71A709C4100F76A9F /* BounceAnimationController.swift in Sources */,
				044278171A77537000CFDA44 /* TipInCellAnimator.swift in Sources */,
				0481972D1A71025D00F76A9F /* LandscapeViewController.swift in Sources */,
				04E374F21A6F86A10082E3AF /* DetailViewController.swift in Sources */,
				04C786811A6DE60F00E03A2A /* AppDelegate.swift in Sources */,
				04E374F61A6FD9590082E3AF /* GradientView.swift in Sources */,
				04E374F01A6F7CCC0082E3AF /* UIImageView+DownloadImage.swift in Sources */,
				048196F91A70A47700F76A9F /* SlideOutAnimationController.swift in Sources */,
				04423DA31A720DD700046138 /* Search.swift in Sources */,
			);
			runOnlyForDeploymentPostprocessing = 0;
		};
		04C7868C1A6DE60F00E03A2A /* Sources */ = {
			isa = PBXSourcesBuildPhase;
			buildActionMask = 2147483647;
			files = (
				04C786971A6DE60F00E03A2A /* StoreSearchTests.swift in Sources */,
			);
			runOnlyForDeploymentPostprocessing = 0;
		};
/* End PBXSourcesBuildPhase section */

/* Begin PBXTargetDependency section */
		04C786921A6DE60F00E03A2A /* PBXTargetDependency */ = {
			isa = PBXTargetDependency;
			target = 04C7867A1A6DE60F00E03A2A /* StoreSearch */;
			targetProxy = 04C786911A6DE60F00E03A2A /* PBXContainerItemProxy */;
		};
/* End PBXTargetDependency section */

/* Begin PBXVariantGroup section */
		04C786841A6DE60F00E03A2A /* Main.storyboard */ = {
			isa = PBXVariantGroup;
			children = (
				04C786851A6DE60F00E03A2A /* Base */,
			);
			name = Main.storyboard;
			sourceTree = "<group>";
		};
		04CBED251A75F1B800E500CF /* NothingFoundCell.xib */ = {
			isa = PBXVariantGroup;
			children = (
				04CBED241A75F1B800E500CF /* en */,
				04CBED261A75F23400E500CF /* zh-Hans */,
			);
			name = NothingFoundCell.xib;
			sourceTree = "<group>";
		};
/* End PBXVariantGroup section */

/* Begin XCBuildConfiguration section */
		04C786981A6DE60F00E03A2A /* Debug */ = {
			isa = XCBuildConfiguration;
			buildSettings = {
				ALWAYS_SEARCH_USER_PATHS = NO;
				CLANG_CXX_LANGUAGE_STANDARD = "gnu++0x";
				CLANG_CXX_LIBRARY = "libc++";
				CLANG_ENABLE_MODULES = YES;
				CLANG_ENABLE_OBJC_ARC = YES;
				CLANG_WARN_BOOL_CONVERSION = YES;
				CLANG_WARN_CONSTANT_CONVERSION = YES;
				CLANG_WARN_DIRECT_OBJC_ISA_USAGE = YES_ERROR;
				CLANG_WARN_EMPTY_BODY = YES;
				CLANG_WARN_ENUM_CONVERSION = YES;
				CLANG_WARN_INT_CONVERSION = YES;
				CLANG_WARN_OBJC_ROOT_CLASS = YES_ERROR;
				CLANG_WARN_UNREACHABLE_CODE = YES;
				CLANG_WARN__DUPLICATE_METHOD_MATCH = YES;
				"CODE_SIGN_IDENTITY[sdk=iphoneos*]" = "iPhone Developer";
				COPY_PHASE_STRIP = NO;
				ENABLE_STRICT_OBJC_MSGSEND = YES;
				GCC_C_LANGUAGE_STANDARD = gnu99;
				GCC_DYNAMIC_NO_PIC = NO;
				GCC_OPTIMIZATION_LEVEL = 0;
				GCC_PREPROCESSOR_DEFINITIONS = (
					"DEBUG=1",
					"$(inherited)",
				);
				GCC_SYMBOLS_PRIVATE_EXTERN = NO;
				GCC_WARN_64_TO_32_BIT_CONVERSION = YES;
				GCC_WARN_ABOUT_RETURN_TYPE = YES_ERROR;
				GCC_WARN_UNDECLARED_SELECTOR = YES;
				GCC_WARN_UNINITIALIZED_AUTOS = YES_AGGRESSIVE;
				GCC_WARN_UNUSED_FUNCTION = YES;
				GCC_WARN_UNUSED_VARIABLE = YES;
				IPHONEOS_DEPLOYMENT_TARGET = 8.1;
				MTL_ENABLE_DEBUG_INFO = YES;
				ONLY_ACTIVE_ARCH = YES;
				SDKROOT = iphoneos;
				SWIFT_OPTIMIZATION_LEVEL = "-Onone";
			};
			name = Debug;
		};
		04C786991A6DE60F00E03A2A /* Release */ = {
			isa = XCBuildConfiguration;
			buildSettings = {
				ALWAYS_SEARCH_USER_PATHS = NO;
				CLANG_CXX_LANGUAGE_STANDARD = "gnu++0x";
				CLANG_CXX_LIBRARY = "libc++";
				CLANG_ENABLE_MODULES = YES;
				CLANG_ENABLE_OBJC_ARC = YES;
				CLANG_WARN_BOOL_CONVERSION = YES;
				CLANG_WARN_CONSTANT_CONVERSION = YES;
				CLANG_WARN_DIRECT_OBJC_ISA_USAGE = YES_ERROR;
				CLANG_WARN_EMPTY_BODY = YES;
				CLANG_WARN_ENUM_CONVERSION = YES;
				CLANG_WARN_INT_CONVERSION = YES;
				CLANG_WARN_OBJC_ROOT_CLASS = YES_ERROR;
				CLANG_WARN_UNREACHABLE_CODE = YES;
				CLANG_WARN__DUPLICATE_METHOD_MATCH = YES;
				"CODE_SIGN_IDENTITY[sdk=iphoneos*]" = "iPhone Developer";
				COPY_PHASE_STRIP = YES;
				ENABLE_NS_ASSERTIONS = NO;
				ENABLE_STRICT_OBJC_MSGSEND = YES;
				GCC_C_LANGUAGE_STANDARD = gnu99;
				GCC_WARN_64_TO_32_BIT_CONVERSION = YES;
				GCC_WARN_ABOUT_RETURN_TYPE = YES_ERROR;
				GCC_WARN_UNDECLARED_SELECTOR = YES;
				GCC_WARN_UNINITIALIZED_AUTOS = YES_AGGRESSIVE;
				GCC_WARN_UNUSED_FUNCTION = YES;
				GCC_WARN_UNUSED_VARIABLE = YES;
				IPHONEOS_DEPLOYMENT_TARGET = 8.1;
				MTL_ENABLE_DEBUG_INFO = NO;
				SDKROOT = iphoneos;
				VALIDATE_PRODUCT = YES;
			};
			name = Release;
		};
		04C7869B1A6DE60F00E03A2A /* Debug */ = {
			isa = XCBuildConfiguration;
			buildSettings = {
				ASSETCATALOG_COMPILER_APPICON_NAME = AppIcon;
				INFOPLIST_FILE = StoreSearch/Info.plist;
				LD_RUNPATH_SEARCH_PATHS = "$(inherited) @executable_path/Frameworks";
				PRODUCT_NAME = "$(TARGET_NAME)";
			};
			name = Debug;
		};
		04C7869C1A6DE60F00E03A2A /* Release */ = {
			isa = XCBuildConfiguration;
			buildSettings = {
				ASSETCATALOG_COMPILER_APPICON_NAME = AppIcon;
				INFOPLIST_FILE = StoreSearch/Info.plist;
				LD_RUNPATH_SEARCH_PATHS = "$(inherited) @executable_path/Frameworks";
				PRODUCT_NAME = "$(TARGET_NAME)";
			};
			name = Release;
		};
		04C7869E1A6DE60F00E03A2A /* Debug */ = {
			isa = XCBuildConfiguration;
			buildSettings = {
				BUNDLE_LOADER = "$(TEST_HOST)";
				FRAMEWORK_SEARCH_PATHS = (
					"$(SDKROOT)/Developer/Library/Frameworks",
					"$(inherited)",
				);
				GCC_PREPROCESSOR_DEFINITIONS = (
					"DEBUG=1",
					"$(inherited)",
				);
				INFOPLIST_FILE = StoreSearchTests/Info.plist;
				LD_RUNPATH_SEARCH_PATHS = "$(inherited) @executable_path/Frameworks @loader_path/Frameworks";
				PRODUCT_NAME = "$(TARGET_NAME)";
				TEST_HOST = "$(BUILT_PRODUCTS_DIR)/StoreSearch.app/StoreSearch";
			};
			name = Debug;
		};
		04C7869F1A6DE60F00E03A2A /* Release */ = {
			isa = XCBuildConfiguration;
			buildSettings = {
				BUNDLE_LOADER = "$(TEST_HOST)";
				FRAMEWORK_SEARCH_PATHS = (
					"$(SDKROOT)/Developer/Library/Frameworks",
					"$(inherited)",
				);
				INFOPLIST_FILE = StoreSearchTests/Info.plist;
				LD_RUNPATH_SEARCH_PATHS = "$(inherited) @executable_path/Frameworks @loader_path/Frameworks";
				PRODUCT_NAME = "$(TARGET_NAME)";
				TEST_HOST = "$(BUILT_PRODUCTS_DIR)/StoreSearch.app/StoreSearch";
			};
			name = Release;
		};
/* End XCBuildConfiguration section */

/* Begin XCConfigurationList section */
		04C786761A6DE60F00E03A2A /* Build configuration list for PBXProject "StoreSearch" */ = {
			isa = XCConfigurationList;
			buildConfigurations = (
				04C786981A6DE60F00E03A2A /* Debug */,
				04C786991A6DE60F00E03A2A /* Release */,
			);
			defaultConfigurationIsVisible = 0;
			defaultConfigurationName = Release;
		};
		04C7869A1A6DE60F00E03A2A /* Build configuration list for PBXNativeTarget "StoreSearch" */ = {
			isa = XCConfigurationList;
			buildConfigurations = (
				04C7869B1A6DE60F00E03A2A /* Debug */,
				04C7869C1A6DE60F00E03A2A /* Release */,
			);
			defaultConfigurationIsVisible = 0;
			defaultConfigurationName = Release;
		};
		04C7869D1A6DE60F00E03A2A /* Build configuration list for PBXNativeTarget "StoreSearchTests" */ = {
			isa = XCConfigurationList;
			buildConfigurations = (
				04C7869E1A6DE60F00E03A2A /* Debug */,
				04C7869F1A6DE60F00E03A2A /* Release */,
			);
			defaultConfigurationIsVisible = 0;
			defaultConfigurationName = Release;
		};
/* End XCConfigurationList section */
	};
	rootObject = 04C786731A6DE60F00E03A2A /* Project object */;
}
